PODS:
  - flutter_webrtc (1.4.0):
    - FlutterMacOS
    - WebRTC-SDK (= 144.7559.09)
  - FlutterMacOS (1.0.0)
  - video_compress (0.3.0):
    - FlutterMacOS
  - WebRTC-SDK (144.7559.09)

DEPENDENCIES:
  - flutter_webrtc (from `Flutter/ephemeral/.symlinks/plugins/flutter_webrtc/macos`)
  - FlutterMacOS (from `Flutter/ephemeral`)
  - video_compress (from `Flutter/ephemeral/.symlinks/plugins/video_compress/macos`)

SPEC REPOS:
  trunk:
    - WebRTC-SDK

EXTERNAL SOURCES:
  flutter_webrtc:
    :path: Flutter/ephemeral/.symlinks/plugins/flutter_webrtc/macos
  FlutterMacOS:
    :path: Flutter/ephemeral
  video_compress:
    :path: Flutter/ephemeral/.symlinks/plugins/video_compress/macos

SPEC CHECKSUMS:
  flutter_webrtc: fec3dc9284a1f6d21ec2caa91c90bb4c1824eb04
  FlutterMacOS: d0db08ddef1a9af05a5ec4b724367152bb0500b1
  video_compress: 752b161da855df2492dd1a8fa899743cc8fe9534
  WebRTC-SDK: e6006119cd730d6315d875e4a421b6cc8bb88833

PODFILE CHECKSUM: d0975b16fbdecb73b109d8fbc88aa77ffe4c7a8d

COCOAPODS: 1.16.2
